
Microsoft Visual Studio Solution File, Format Version 12.00
# Visual Studio Version 17
VisualStudioVersion = 17.13.35931.197 d17.13
MinimumVisualStudioVersion = 10.0.40219.1
Project("{FAE04EC0-301F-11D3-BF4B-00C04F79EFBC}") = "APP3", "APP3\APP3.csproj", "{D4F491E1-994A-4D80-8497-FCAB86689D6C}"
EndProject
Global
	GlobalSection(SolutionConfigurationPlatforms) = preSolution
		Debug|Any CPU = Debug|Any CPU
		Release|Any CPU = Release|Any CPU
	EndGlobalSection
	GlobalSection(ProjectConfigurationPlatforms) = postSolution
		{D4F491E1-994A-4D80-8497-FCAB86689D6C}.Debug|Any CPU.ActiveCfg = Debug|Any CPU
		{D4F491E1-994A-4D80-8497-FCAB86689D6C}.Debug|Any CPU.Build.0 = Debug|Any CPU
		{D4F491E1-994A-4D80-8497-FCAB86689D6C}.Release|Any CPU.ActiveCfg = Release|Any CPU
		{D4F491E1-994A-4D80-8497-FCAB86689D6C}.Release|Any CPU.Build.0 = Release|Any CPU
	EndGlobalSection
	GlobalSection(SolutionProperties) = preSolution
		HideSolutionNode = FALSE
	EndGlobalSection
	GlobalSection(ExtensibilityGlobals) = postSolution
		SolutionGuid = {B968CD7A-C155-4494-B055-55C74FA0DA5A}
	EndGlobalSection
EndGlobal
